
Microsoft Visual Studio Solution File, Format Version 12.00
# Visual Studio Version 16
VisualStudioVersion = 16.0.30225.117
MinimumVisualStudioVersion = 10.0.40219.1
Project("{9A19103F-16F7-4668-BE54-9A1E7A4F7556}") = "works", "works.csproj", "{893D1770-99D5-48EE-B9E8-51DF6CABE309}"
EndProject
Global
	GlobalSection(SolutionConfigurationPlatforms) = preSolution
		Debug|Any CPU = Debug|Any CPU
		Release|Any CPU = Release|Any CPU
	EndGlobalSection
	GlobalSection(ProjectConfigurationPlatforms) = postSolution
		{893D1770-99D5-48EE-B9E8-51DF6CABE309}.Debug|Any CPU.ActiveCfg = Debug|Any CPU
		{893D1770-99D5-48EE-B9E8-51DF6CABE309}.Debug|Any CPU.Build.0 = Debug|Any CPU
		{893D1770-99D5-48EE-B9E8-51DF6CABE309}.Release|Any CPU.ActiveCfg = Release|Any CPU
		{893D1770-99D5-48EE-B9E8-51DF6CABE309}.Release|Any CPU.Build.0 = Release|Any CPU
	EndGlobalSection
	GlobalSection(SolutionProperties) = preSolution
		HideSolutionNode = FALSE
	EndGlobalSection
	GlobalSection(ExtensibilityGlobals) = postSolution
		SolutionGuid = {3E8C2186-ACC6-4FFB-92B6-658C0622B711}
	EndGlobalSection
EndGlobal
